<?xml version="1.0" encoding="utf-8"?>
<Project ToolsVersion="4.0" xmlns="http://schemas.microsoft.com/developer/msbuild/2003">
  <ItemGroup>
    <Filter Include="99.Defines">
      <UniqueIdentifier>{3adbd17b-c224-4d61-9067-175bbd3d0d56}</UniqueIdentifier>
    </Filter>
    <Filter Include="00.MainApp">
      <UniqueIdentifier>{edc3c5d1-ea6b-4e29-b34d-540396673e0f}</UniqueIdentifier>
    </Filter>
    <Filter Include="98.Default">
      <UniqueIdentifier>{9a853736-99fd-4100-b927-5433508f68ad}</UniqueIdentifier>
    </Filter>
    <Filter Include="01.Levels">
      <UniqueIdentifier>{2fd56b7c-25e0-41fb-978b-b8be6be0a2aa}</UniqueIdentifier>
    </Filter>
    <Filter Include="01.Levels\00.Logo">
      <UniqueIdentifier>{4e722de4-25c0-4767-ab76-c59b8e6ac8da}</UniqueIdentifier>
    </Filter>
    <Filter Include="01.Levels\01.GamePlay">
      <UniqueIdentifier>{3633d539-ba40-45a1-af35-e3498a82938f}</UniqueIdentifier>
    </Filter>
    <Filter Include="01.Levels\99.Loading">
      <UniqueIdentifier>{be2ac9e1-e35a-4a34-8056-9663d0403a24}</UniqueIdentifier>
    </Filter>
    <Filter Include="01.Levels\99.Loading\Loader">
      <UniqueIdentifier>{003e5800-e803-40c3-8190-b56169342c0f}</UniqueIdentifier>
    </Filter>
    <Filter Include="02.GameObjects">
      <UniqueIdentifier>{e561c34e-d6f4-478c-9e8b-6bb897b1098c}</UniqueIdentifier>
    </Filter>
    <Filter Include="02.GameObjects\Player">
      <UniqueIdentifier>{fded826a-41b6-4111-816e-d84d506046f2}</UniqueIdentifier>
    </Filter>
    <Filter Include="02.GameObjects\BackGround">
      <UniqueIdentifier>{947006ed-8b8b-4500-bb19-2de0997ff178}</UniqueIdentifier>
    </Filter>
    <Filter Include="01.Levels\100. Tool">
      <UniqueIdentifier>{0a238142-f63d-4746-80db-52a1eb713787}</UniqueIdentifier>
    </Filter>
    <Filter Include="100. IMGUI">
      <UniqueIdentifier>{8c4dde53-d90b-42d2-8581-31cdf748810b}</UniqueIdentifier>
    </Filter>
    <Filter Include="100. IMGUI\ImGui_Manager">
      <UniqueIdentifier>{0af3b61e-e00c-49e5-b279-303cd5576d3b}</UniqueIdentifier>
    </Filter>
    <Filter Include="02.GameObjects\ToolCamera">
      <UniqueIdentifier>{16f94ac7-9c73-432e-aceb-cc1cd943d5da}</UniqueIdentifier>
    </Filter>
    <Filter Include="100. IMGUI\Map_Manager">
      <UniqueIdentifier>{bab4a368-f25a-4589-83dd-b403005a0412}</UniqueIdentifier>
    </Filter>
    <Filter Include="02.GameObjects\MapObject">
      <UniqueIdentifier>{927021d1-be1b-484d-8299-df2aa977ce81}</UniqueIdentifier>
    </Filter>
    <Filter Include="02.GameObjects\MapObject\Wall">
      <UniqueIdentifier>{b759e0b2-67e3-426e-89e7-1c77d5f0b90d}</UniqueIdentifier>
    </Filter>
    <Filter Include="02.GameObjects\MapObject\Floor">
      <UniqueIdentifier>{3f0284b3-f62f-449a-b9dc-ef125df9a62c}</UniqueIdentifier>
    </Filter>
    <Filter Include="02.GameObjects\TriggerObject">
      <UniqueIdentifier>{075e5af1-42bc-4956-9283-fd0af5032967}</UniqueIdentifier>
    </Filter>
    <Filter Include="02.GameObjects\MapObject\MapObject">
      <UniqueIdentifier>{e8619b4b-40d2-4066-b4c9-6105de5d2463}</UniqueIdentifier>
    </Filter>
    <Filter Include="02.GameObjects\MapObject\Door">
      <UniqueIdentifier>{42659958-c52a-4c5a-a0b3-4d6292a8996b}</UniqueIdentifier>
    </Filter>
    <Filter Include="03.Client_Components">
      <UniqueIdentifier>{8cf243c4-e9ad-4e70-991b-fdb0a19e14eb}</UniqueIdentifier>
    </Filter>
    <Filter Include="03.Client_Components\Transform_Anim">
      <UniqueIdentifier>{ccb261ed-c5ce-4ecd-9e00-2357155bcb40}</UniqueIdentifier>
    </Filter>
    <Filter Include="02.GameObjects\MapObject\SodaMachine">
      <UniqueIdentifier>{141b82a8-67ab-4814-8a46-ae24d7f51d64}</UniqueIdentifier>
    </Filter>
    <Filter Include="02.GameObjects\MapObject\SodaMachine\Banner">
      <UniqueIdentifier>{d5a4a291-bb57-4fae-a9b3-c49d3e8a46e5}</UniqueIdentifier>
    </Filter>
    <Filter Include="02.GameObjects\MapObject\Border">
      <UniqueIdentifier>{9aa04969-028e-4f02-966a-c41d9a081f35}</UniqueIdentifier>
    </Filter>
    <Filter Include="03.Client_Components\VIBuffer">
      <UniqueIdentifier>{75de59a6-9979-4f68-9a2a-e630568b5a4d}</UniqueIdentifier>
    </Filter>
    <Filter Include="03.Client_Components\VIBuffer\VIBuffer_Floor_Border">
      <UniqueIdentifier>{a628c733-ba85-45e1-8e82-e7d2686ffa49}</UniqueIdentifier>
    </Filter>
    <Filter Include="03.Client_Components\VIBuffer\VIBuffer_Door">
      <UniqueIdentifier>{bb4e2179-fdb5-458a-b674-554c7db21e65}</UniqueIdentifier>
    </Filter>
    <Filter Include="03.Client_Components\Rigidbody">
      <UniqueIdentifier>{0fb75665-5fa5-464b-bca1-c25381b576f4}</UniqueIdentifier>
    </Filter>
    <Filter Include="02.GameObjects\MapObject\Soda">
      <UniqueIdentifier>{9bdb3eea-cabd-4e12-b58f-01d4fbc8b35b}</UniqueIdentifier>
    </Filter>
    <Filter Include="02.GameObjects\Monster">
      <UniqueIdentifier>{9e6943a0-24ad-43e4-b4ac-e2f0630d8002}</UniqueIdentifier>
    </Filter>
    <Filter Include="03.Client_Components\TerrainCollider">
      <UniqueIdentifier>{ca4609a2-86fa-4dbe-8959-d296bd011039}</UniqueIdentifier>
    </Filter>
    <Filter Include="02.GameObjects\TriggerObject\SpawnTrigger">
      <UniqueIdentifier>{567f51f2-de13-495e-af51-ff5624de9361}</UniqueIdentifier>
    </Filter>
    <Filter Include="02.GameObjects\Bullet">
      <UniqueIdentifier>{83399965-86ff-4144-9962-76f551bb4a86}</UniqueIdentifier>
    </Filter>
    <Filter Include="03.Client_Components\VIBuffer\VIBuffer_Sphere">
      <UniqueIdentifier>{bbf860ed-6015-4a79-b077-b020f3a4d310}</UniqueIdentifier>
    </Filter>
    <Filter Include="03.Client_Components\VIBuffer\VIBuffer_Bullet">
      <UniqueIdentifier>{9320f165-3d7f-4e0d-ab80-7e211e084249}</UniqueIdentifier>
    </Filter>
    <Filter Include="02.GameObjects\MapObject\Slope">
      <UniqueIdentifier>{76b9f878-a48b-4042-8369-6baf2e2fabed}</UniqueIdentifier>
    </Filter>
    <Filter Include="03.Client_Components\VIBuffer\VIBuffer_BoxObj">
      <UniqueIdentifier>{636c1688-162e-4a30-bbca-41efb99ddbae}</UniqueIdentifier>
    </Filter>
    <Filter Include="02.GameObjects\MapObject\Box">
      <UniqueIdentifier>{1cbf29ce-5033-4f7c-913d-366774dd3d13}</UniqueIdentifier>
    </Filter>
    <Filter Include="02.GameObjects\MapObject\Ventilador">
      <UniqueIdentifier>{e269df97-2fac-4495-859f-d9bbd314f5a5}</UniqueIdentifier>
    </Filter>
    <Filter Include="03.Client_Components\VIBuffer\VIBuffer_Wall">
      <UniqueIdentifier>{4e7834ee-4d0f-4e53-9a0a-24ed73067d74}</UniqueIdentifier>
    </Filter>
    <Filter Include="02.GameObjects\MapObject\MapObject\MapObjectXY">
      <UniqueIdentifier>{921bf32c-8eed-411e-b6bc-855325210795}</UniqueIdentifier>
    </Filter>
    <Filter Include="03.Client_Components\VIBuffer\VIBuffer_ELEVATOR_L">
      <UniqueIdentifier>{e84250ea-f8e7-44d0-b0e1-9fb92d33271f}</UniqueIdentifier>
    </Filter>
    <Filter Include="03.Client_Components\VIBuffer\VIBuffer_ELEVATOR_R">
      <UniqueIdentifier>{16a9a6b8-df21-4435-8aad-42795f584b43}</UniqueIdentifier>
    </Filter>
    <Filter Include="02.GameObjects\MapObject\Elevator">
      <UniqueIdentifier>{46f0b251-910e-4043-87b2-dc3f5ed02f35}</UniqueIdentifier>
    </Filter>
    <Filter Include="02.GameObjects\MapObject\Elevator\L">
      <UniqueIdentifier>{0288a68d-fc9f-4a94-8ada-914b2da246f2}</UniqueIdentifier>
    </Filter>
  </ItemGroup>
  <ItemGroup>
    <Text Include="ReadMe.txt" />
  </ItemGroup>
  <ItemGroup>
    <ClInclude Include="Client.h">
      <Filter>98.Default</Filter>
    </ClInclude>
    <ClInclude Include="Resource.h">
      <Filter>98.Default</Filter>
    </ClInclude>
    <ClInclude Include="stdafx.h">
      <Filter>98.Default</Filter>
    </ClInclude>
    <ClInclude Include="targetver.h">
      <Filter>98.Default</Filter>
    </ClInclude>
    <ClInclude Include="..\Public\MainApp.h">
      <Filter>00.MainApp</Filter>
    </ClInclude>
    <ClInclude Include="..\Public\Client_Defines.h">
      <Filter>99.Defines</Filter>
    </ClInclude>
    <ClInclude Include="..\public\Level_Logo.h">
      <Filter>01.Levels\00.Logo</Filter>
    </ClInclude>
    <ClInclude Include="..\Public\Level_GamePlay.h">
      <Filter>01.Levels\01.GamePlay</Filter>
    </ClInclude>
    <ClInclude Include="..\Public\Level_Loading.h">
      <Filter>01.Levels\99.Loading</Filter>
    </ClInclude>
    <ClInclude Include="..\public\Loader.h">
      <Filter>01.Levels\99.Loading\Loader</Filter>
    </ClInclude>
    <ClInclude Include="..\public\Player.h">
      <Filter>02.GameObjects\Player</Filter>
    </ClInclude>
    <ClInclude Include="..\Public\BackGround.h">
      <Filter>02.GameObjects\BackGround</Filter>
    </ClInclude>
    <ClInclude Include="..\Public\Level_Tool.h">
      <Filter>01.Levels\100. Tool</Filter>
    </ClInclude>
    <ClInclude Include="..\Public\ImGui_Manager.h">
      <Filter>100. IMGUI\ImGui_Manager</Filter>
    </ClInclude>
    <ClInclude Include="..\Public\Wall.h">
      <Filter>02.GameObjects\MapObject\Wall</Filter>
    </ClInclude>
    <ClInclude Include="..\Public\ToolCamera.h">
      <Filter>02.GameObjects\ToolCamera</Filter>
    </ClInclude>
    <ClInclude Include="..\Public\Floor.h">
      <Filter>02.GameObjects\MapObject\Floor</Filter>
    </ClInclude>
    <ClInclude Include="..\public\CMap_Manager.h">
      <Filter>100. IMGUI\Map_Manager</Filter>
    </ClInclude>
    <ClInclude Include="..\Public\TriggerObject.h">
      <Filter>02.GameObjects\TriggerObject</Filter>
    </ClInclude>
    <ClInclude Include="..\Public\MapObject.h">
      <Filter>02.GameObjects\MapObject\MapObject</Filter>
    </ClInclude>
    <ClInclude Include="..\Public\Door.h">
      <Filter>02.GameObjects\MapObject\Door</Filter>
    </ClInclude>
    <ClInclude Include="..\Public\Transform_Anim.h">
      <Filter>03.Client_Components\Transform_Anim</Filter>
    </ClInclude>
    <ClInclude Include="..\Public\SodaMachine.h">
      <Filter>02.GameObjects\MapObject\SodaMachine</Filter>
    </ClInclude>
    <ClInclude Include="..\Public\SodaMachine_Banner.h">
      <Filter>02.GameObjects\MapObject\SodaMachine\Banner</Filter>
    </ClInclude>
    <ClInclude Include="..\Public\Border.h">
      <Filter>02.GameObjects\MapObject\Border</Filter>
    </ClInclude>
    <ClInclude Include="..\Public\VIBuffer_Floor_Border.h">
      <Filter>03.Client_Components\VIBuffer\VIBuffer_Floor_Border</Filter>
    </ClInclude>
    <ClInclude Include="..\Public\Client_Components.h">
      <Filter>99.Defines</Filter>
    </ClInclude>
    <ClInclude Include="..\Public\VIBuffer_Door.h">
      <Filter>03.Client_Components\VIBuffer\VIBuffer_Door</Filter>
    </ClInclude>
    <ClInclude Include="..\Public\Rigidbody.h">
      <Filter>03.Client_Components\Rigidbody</Filter>
    </ClInclude>
    <ClInclude Include="..\Public\Soda.h">
      <Filter>02.GameObjects\MapObject\Soda</Filter>
    </ClInclude>
    <ClInclude Include="..\Public\Monster.h">
      <Filter>02.GameObjects\Monster</Filter>
    </ClInclude>
    <ClInclude Include="..\Public\Terrain_Collider.h">
      <Filter>03.Client_Components\TerrainCollider</Filter>
    </ClInclude>
    <ClInclude Include="..\Public\SpawnTrigger.h">
      <Filter>02.GameObjects\TriggerObject\SpawnTrigger</Filter>
    </ClInclude>
    <ClInclude Include="..\Public\Bullet.h">
      <Filter>02.GameObjects\Bullet</Filter>
    </ClInclude>
    <ClInclude Include="..\Public\VIBuffer_Sphere.h">
      <Filter>03.Client_Components\VIBuffer\VIBuffer_Sphere</Filter>
    </ClInclude>
    <ClInclude Include="..\Public\VIBuffer_Bullet.h">
      <Filter>03.Client_Components\VIBuffer\VIBuffer_Bullet</Filter>
    </ClInclude>
    <ClInclude Include="..\Public\Slope.h">
      <Filter>02.GameObjects\MapObject\Slope</Filter>
    </ClInclude>
    <ClInclude Include="..\Public\VIBuffer_BoxObj.h">
      <Filter>03.Client_Components\VIBuffer\VIBuffer_BoxObj</Filter>
    </ClInclude>
    <ClInclude Include="..\Public\BoxObject.h">
      <Filter>02.GameObjects\MapObject\Box</Filter>
    </ClInclude>
    <ClInclude Include="..\Public\Ventilador.h">
      <Filter>02.GameObjects\MapObject\Ventilador</Filter>
    </ClInclude>
    <ClInclude Include="..\Public\MapObjectXY.h">
      <Filter>02.GameObjects\MapObject\MapObject\MapObjectXY</Filter>
    </ClInclude>
    <ClInclude Include="..\Public\VIBuffer_Elevator_L.h">
      <Filter>03.Client_Components\VIBuffer\VIBuffer_ELEVATOR_L</Filter>
    </ClInclude>
    <ClInclude Include="..\Public\VIBuffer_Elevator_R.h">
      <Filter>03.Client_Components\VIBuffer\VIBuffer_ELEVATOR_R</Filter>
    </ClInclude>
    <ClInclude Include="..\Public\Elevator_L.h">
      <Filter>02.GameObjects\MapObject\Elevator\L</Filter>
    </ClInclude>
    <ClInclude Include="..\Public\Elevator_R.h">
      <Filter>02.GameObjects\MapObject\Elevator</Filter>
    </ClInclude>
  </ItemGroup>
  <ItemGroup>
    <ClCompile Include="Client.cpp">
      <Filter>98.Default</Filter>
    </ClCompile>
    <ClCompile Include="stdafx.cpp">
      <Filter>98.Default</Filter>
    </ClCompile>
    <ClCompile Include="..\Private\MainApp.cpp">
      <Filter>00.MainApp</Filter>
    </ClCompile>
    <ClCompile Include="..\private\Level_Logo.cpp">
      <Filter>01.Levels\00.Logo</Filter>
    </ClCompile>
    <ClCompile Include="..\Private\Level_GamePlay.cpp">
      <Filter>01.Levels\01.GamePlay</Filter>
    </ClCompile>
    <ClCompile Include="..\Private\Level_Loading.cpp">
      <Filter>01.Levels\99.Loading</Filter>
    </ClCompile>
    <ClCompile Include="..\private\Loader.cpp">
      <Filter>01.Levels\99.Loading\Loader</Filter>
    </ClCompile>
    <ClCompile Include="..\private\Player.cpp">
      <Filter>02.GameObjects\Player</Filter>
    </ClCompile>
    <ClCompile Include="..\Private\BackGround.cpp">
      <Filter>02.GameObjects\BackGround</Filter>
    </ClCompile>
    <ClCompile Include="..\Private\Level_Tool.cpp">
      <Filter>01.Levels\100. Tool</Filter>
    </ClCompile>
    <ClCompile Include="..\Private\ImGui_Manager.cpp">
      <Filter>100. IMGUI\ImGui_Manager</Filter>
    </ClCompile>
    <ClCompile Include="..\Private\Wall.cpp">
      <Filter>02.GameObjects\MapObject\Wall</Filter>
    </ClCompile>
    <ClCompile Include="..\Private\ToolCamera.cpp">
      <Filter>02.GameObjects\ToolCamera</Filter>
    </ClCompile>
    <ClCompile Include="..\Private\Floor.cpp">
      <Filter>02.GameObjects\MapObject\Floor</Filter>
    </ClCompile>
    <ClCompile Include="..\private\CMap_Manager.cpp">
      <Filter>100. IMGUI\Map_Manager</Filter>
    </ClCompile>
    <ClCompile Include="..\Private\TriggerObject.cpp">
      <Filter>02.GameObjects\TriggerObject</Filter>
    </ClCompile>
    <ClCompile Include="..\Private\MapObject.cpp">
      <Filter>02.GameObjects\MapObject\MapObject</Filter>
    </ClCompile>
    <ClCompile Include="..\Private\Door.cpp">
      <Filter>02.GameObjects\MapObject\Door</Filter>
    </ClCompile>
    <ClCompile Include="..\Private\Transform_Anim.cpp">
      <Filter>03.Client_Components\Transform_Anim</Filter>
    </ClCompile>
    <ClCompile Include="..\Private\SodaMachine.cpp">
      <Filter>02.GameObjects\MapObject\SodaMachine</Filter>
    </ClCompile>
    <ClCompile Include="..\Private\SodaMachine_Banner.cpp">
      <Filter>02.GameObjects\MapObject\SodaMachine\Banner</Filter>
    </ClCompile>
    <ClCompile Include="..\Private\Border.cpp">
      <Filter>02.GameObjects\MapObject\Border</Filter>
    </ClCompile>
    <ClCompile Include="..\Private\VIBuffer_Floor_Border.cpp">
      <Filter>03.Client_Components\VIBuffer\VIBuffer_Floor_Border</Filter>
    </ClCompile>
    <ClCompile Include="..\Private\VIBuffer_Door.cpp">
      <Filter>03.Client_Components\VIBuffer\VIBuffer_Door</Filter>
    </ClCompile>
    <ClCompile Include="..\Private\Rigidbody.cpp">
      <Filter>03.Client_Components\Rigidbody</Filter>
    </ClCompile>
    <ClCompile Include="..\Private\Soda.cpp">
      <Filter>02.GameObjects\MapObject\Soda</Filter>
    </ClCompile>
    <ClCompile Include="..\Private\Monster.cpp">
      <Filter>02.GameObjects\Monster</Filter>
    </ClCompile>
    <ClCompile Include="..\Private\Terrain_Collider.cpp">
      <Filter>03.Client_Components\TerrainCollider</Filter>
    </ClCompile>
    <ClCompile Include="..\Private\SpawnTrigger.cpp">
      <Filter>02.GameObjects\TriggerObject\SpawnTrigger</Filter>
    </ClCompile>
    <ClCompile Include="..\Private\Bullet.cpp">
      <Filter>02.GameObjects\Bullet</Filter>
    </ClCompile>
    <ClCompile Include="..\Private\VIBuffer_Sphere.cpp">
      <Filter>03.Client_Components\VIBuffer\VIBuffer_Sphere</Filter>
    </ClCompile>
    <ClCompile Include="..\Private\VIBuffer_Bullet.cpp">
      <Filter>03.Client_Components\VIBuffer\VIBuffer_Bullet</Filter>
    </ClCompile>
    <ClCompile Include="..\Private\Slope.cpp">
      <Filter>02.GameObjects\MapObject\Slope</Filter>
    </ClCompile>
    <ClCompile Include="..\Private\VIBuffer_BoxObj.cpp">
      <Filter>03.Client_Components\VIBuffer\VIBuffer_BoxObj</Filter>
    </ClCompile>
    <ClCompile Include="..\Private\BoxObject.cpp">
      <Filter>02.GameObjects\MapObject\Box</Filter>
    </ClCompile>
    <ClCompile Include="..\Private\Ventilador.cpp">
      <Filter>02.GameObjects\MapObject\Ventilador</Filter>
    </ClCompile>
    <ClCompile Include="..\Private\MapObjectXY.cpp">
      <Filter>02.GameObjects\MapObject\MapObject\MapObjectXY</Filter>
    </ClCompile>
    <ClCompile Include="..\Private\VIBuffer_Elevator_L.cpp">
      <Filter>03.Client_Components\VIBuffer\VIBuffer_ELEVATOR_L</Filter>
    </ClCompile>
    <ClCompile Include="..\Private\VIBuffer_Elevator_R.cpp">
      <Filter>03.Client_Components\VIBuffer\VIBuffer_ELEVATOR_R</Filter>
    </ClCompile>
    <ClCompile Include="..\Private\Elevator_L.cpp">
      <Filter>02.GameObjects\MapObject\Elevator\L</Filter>
    </ClCompile>
    <ClCompile Include="..\Private\Elevator_R.cpp">
      <Filter>02.GameObjects\MapObject\Elevator</Filter>
    </ClCompile>
  </ItemGroup>
  <ItemGroup>
    <Image Include="Client.ico">
      <Filter>98.Default</Filter>
    </Image>
    <Image Include="small.ico">
      <Filter>98.Default</Filter>
    </Image>
  </ItemGroup>
  <ItemGroup>
    <ResourceCompile Include="Client.rc">
      <Filter>98.Default</Filter>
    </ResourceCompile>
  </ItemGroup>
</Project>